
Microsoft Visual Studio Solution File, Format Version 12.00
# Visual Studio Version 17
VisualStudioVersion = 17.7.34221.43
MinimumVisualStudioVersion = 10.0.40219.1
Project("{FAE04EC0-301F-11D3-BF4B-00C04F79EFBC}") = "Blood Car", "Blood Car.csproj", "{70599ABD-5767-4B0A-9532-DE3B67691040}"
EndProject
Global
	GlobalSection(SolutionConfigurationPlatforms) = preSolution
		Debug|Any CPU = Debug|Any CPU
		Release|Any CPU = Release|Any CPU
	EndGlobalSection
	GlobalSection(ProjectConfigurationPlatforms) = postSolution
		{70599ABD-5767-4B0A-9532-DE3B67691040}.Debug|Any CPU.ActiveCfg = Debug|Any CPU
		{70599ABD-5767-4B0A-9532-DE3B67691040}.Debug|Any CPU.Build.0 = Debug|Any CPU
		{70599ABD-5767-4B0A-9532-DE3B67691040}.Release|Any CPU.ActiveCfg = Release|Any CPU
		{70599ABD-5767-4B0A-9532-DE3B67691040}.Release|Any CPU.Build.0 = Release|Any CPU
	EndGlobalSection
	GlobalSection(SolutionProperties) = preSolution
		HideSolutionNode = FALSE
	EndGlobalSection
	GlobalSection(ExtensibilityGlobals) = postSolution
		SolutionGuid = {D8432977-AAAE-4DD4-9956-266099489D52}
	EndGlobalSection
EndGlobal
